
Microsoft Visual Studio Solution File, Format Version 12.00
# Visual Studio Version 17
VisualStudioVersion = 17.7.34202.233
MinimumVisualStudioVersion = 10.0.40219.1
Project("{2150E333-8FDC-42A3-9474-1A3956D46DE8}") = "Task0", "Task0", "{81171CE6-9960-44A3-85F5-1782EB64B211}"
EndProject
Project("{2150E333-8FDC-42A3-9474-1A3956D46DE8}") = "Task1", "Task1", "{9EF3EE19-AE2A-40B9-9112-7B3D7B0A6FAE}"
EndProject
Project("{2150E333-8FDC-42A3-9474-1A3956D46DE8}") = "Task2", "Task2", "{9E46484E-B979-4C8F-97A1-F9B96C5046E4}"
EndProject
Project("{2150E333-8FDC-42A3-9474-1A3956D46DE8}") = "Task3", "Task3", "{151CEE81-EF11-45CE-BDCF-2D63843BE5ED}"
EndProject
Project("{FAE04EC0-301F-11D3-BF4B-00C04F79EFBC}") = "Tyuiu.SmirnovIA.Sprint5.Task0.V17", "Tyuiu.SmirnovIA.Sprint5.Task0.V17\Tyuiu.SmirnovIA.Sprint5.Task0.V17.csproj", "{9E0DDE86-14D1-489E-8DAC-A72FA4470E25}"
EndProject
Project("{FAE04EC0-301F-11D3-BF4B-00C04F79EFBC}") = "Tyuiu.SmirnovIA.Sprint5.Task0.V17.Lib", "Tyuiu.SmirnovIA.Sprint5.Task0.V17.Lib\Tyuiu.SmirnovIA.Sprint5.Task0.V17.Lib.csproj", "{25D95879-C052-45FE-91E7-A08FD1DB59C8}"
EndProject
Project("{FAE04EC0-301F-11D3-BF4B-00C04F79EFBC}") = "Tyuiu.SmirnovIA.Sprint5.Task0.V17.Test", "Tyuiu.SmirnovIA.Sprint5.Task0.V17.Test\Tyuiu.SmirnovIA.Sprint5.Task0.V17.Test.csproj", "{3EFA4FE4-312E-471E-ACE9-0D8821711B9D}"
EndProject
Project("{FAE04EC0-301F-11D3-BF4B-00C04F79EFBC}") = "Tyuiu.SmirnovIA.Sprint5.Task1.V15", "Tyuiu.SmirnovIA.Sprint5.Task1.V15\Tyuiu.SmirnovIA.Sprint5.Task1.V15.csproj", "{CA9AC3D8-60CC-4645-BEEA-841E874472E8}"
EndProject
Project("{FAE04EC0-301F-11D3-BF4B-00C04F79EFBC}") = "Tyuiu.SmirnovIA.Sprint5.Task1.V15.Lib", "Tyuiu.SmirnovIA.Sprint5.Task1.V15.Lib\Tyuiu.SmirnovIA.Sprint5.Task1.V15.Lib.csproj", "{18642CB1-7BEE-411D-A33F-B2B6D72E1B54}"
EndProject
Project("{FAE04EC0-301F-11D3-BF4B-00C04F79EFBC}") = "Tyuiu.SmirnovIA.Sprint5.Task1.V15.Test", "Tyuiu.SmirnovIA.Sprint5.Task1.V15.Test\Tyuiu.SmirnovIA.Sprint5.Task1.V15.Test.csproj", "{03887014-E8A8-42BE-8F1F-D54360494E7F}"
EndProject
Project("{FAE04EC0-301F-11D3-BF4B-00C04F79EFBC}") = "Tyuiu.SmirnovIA.Sprint5.Task2.V29", "Tyuiu.SmirnovIA.Sprint5.Task2.V29\Tyuiu.SmirnovIA.Sprint5.Task2.V29.csproj", "{6340AD92-9E34-4700-BA29-24FC64CDFC56}"
EndProject
Project("{FAE04EC0-301F-11D3-BF4B-00C04F79EFBC}") = "Tyuiu.SmirnovIA.Sprint5.Task2.V29.Lib", "Tyuiu.SmirnovIA.Sprint5.Task2.V29.Lib\Tyuiu.SmirnovIA.Sprint5.Task2.V29.Lib.csproj", "{0017A790-9D47-428B-A08C-5E65EDC3B804}"
EndProject
Project("{FAE04EC0-301F-11D3-BF4B-00C04F79EFBC}") = "Tyuiu.SmirnovIA.Sprint5.Task2.V29.Test", "Tyuiu.SmirnovIA.Sprint5.Task2.V29.Test\Tyuiu.SmirnovIA.Sprint5.Task2.V29.Test.csproj", "{DC0622D1-BFCC-4467-9911-9538F54B7313}"
EndProject
Project("{FAE04EC0-301F-11D3-BF4B-00C04F79EFBC}") = "Tyuiu.SmirnovIA.Sprint5.Task3.V20", "Tyuiu.SmirnovIA.Sprint5.Task3.V20\Tyuiu.SmirnovIA.Sprint5.Task3.V20.csproj", "{CD9EC16F-8487-41D2-8254-0B8F2A0FEED2}"
EndProject
Project("{FAE04EC0-301F-11D3-BF4B-00C04F79EFBC}") = "Tyuiu.SmirnovIA.Sprint5.Task3.V20.Lib", "Tyuiu.SmirnovIA.Sprint5.Task3.V20.Lib\Tyuiu.SmirnovIA.Sprint5.Task3.V20.Lib.csproj", "{DB28C65C-531B-4469-A1B8-0A3C8B6E1A80}"
EndProject
Project("{FAE04EC0-301F-11D3-BF4B-00C04F79EFBC}") = "Tyuiu.SmirnovIA.Sprint5.Task3.V20.Test", "Tyuiu.SmirnovIA.Sprint5.Task3.V20.Test\Tyuiu.SmirnovIA.Sprint5.Task3.V20.Test.csproj", "{3E551E8E-88F8-4293-8449-F750DA48D867}"
EndProject
Project("{2150E333-8FDC-42A3-9474-1A3956D46DE8}") = "Task4", "Task4", "{10D4C645-F643-4EA7-8E3E-9179BF019D16}"
EndProject
Project("{FAE04EC0-301F-11D3-BF4B-00C04F79EFBC}") = "Tyuiu.SmirnovIA.Sprint5.Task4.V7", "Tyuiu.SmirnovIA.Sprint5.Task4.V7\Tyuiu.SmirnovIA.Sprint5.Task4.V7.csproj", "{DA289B10-DAC0-41FB-9706-E38E2BEA0E39}"
EndProject
Project("{FAE04EC0-301F-11D3-BF4B-00C04F79EFBC}") = "Tyuiu.SmirnovIA.Sprint5.Task4.V7.Lib", "Tyuiu.SmirnovIA.Sprint5.Task4.V7.Lib\Tyuiu.SmirnovIA.Sprint5.Task4.V7.Lib.csproj", "{A9F3D39F-8B1D-4C3B-818D-1E444C5A698C}"
EndProject
Project("{FAE04EC0-301F-11D3-BF4B-00C04F79EFBC}") = "Tyuiu.SmirnovIA.Sprint5.Task4.V7.Test", "Tyuiu.SmirnovIA.Sprint5.Task4.V7.Test\Tyuiu.SmirnovIA.Sprint5.Task4.V7.Test.csproj", "{8FA16A35-A1E3-4D64-BCF8-CA8F99C36B3A}"
EndProject
Project("{2150E333-8FDC-42A3-9474-1A3956D46DE8}") = "Task5", "Task5", "{DF899F02-8CC5-45E4-9AD0-436B37F87DAC}"
EndProject
Project("{FAE04EC0-301F-11D3-BF4B-00C04F79EFBC}") = "Tyuiu.SmirnovIA.Sprint5.Task5.V10", "Tyuiu.SmirnovIA.Sprint5.Task5.V10\Tyuiu.SmirnovIA.Sprint5.Task5.V10.csproj", "{A3CBB69D-2CE4-4ABA-8A54-D7A761FC7E7A}"
EndProject
Project("{FAE04EC0-301F-11D3-BF4B-00C04F79EFBC}") = "Tyuiu.SmirnovIA.Sprint5.Task5.V10.Lib", "Tyuiu.SmirnovIA.Sprint5.Task5.V10.Lib\Tyuiu.SmirnovIA.Sprint5.Task5.V10.Lib.csproj", "{146F48CF-0B70-4081-BACB-FC18828E2AAD}"
EndProject
Project("{FAE04EC0-301F-11D3-BF4B-00C04F79EFBC}") = "Tyuiu.SmirnovIA.Sprint5.Task5.V10.Test", "Tyuiu.SmirnovIA.Sprint5.Task5.V10.Test\Tyuiu.SmirnovIA.Sprint5.Task5.V10.Test.csproj", "{58F8E816-8B0C-4AF4-953C-914CE931211F}"
EndProject
Global
	GlobalSection(SolutionConfigurationPlatforms) = preSolution
		Debug|Any CPU = Debug|Any CPU
		Release|Any CPU = Release|Any CPU
	EndGlobalSection
	GlobalSection(ProjectConfigurationPlatforms) = postSolution
		{9E0DDE86-14D1-489E-8DAC-A72FA4470E25}.Debug|Any CPU.ActiveCfg = Debug|Any CPU
		{9E0DDE86-14D1-489E-8DAC-A72FA4470E25}.Debug|Any CPU.Build.0 = Debug|Any CPU
		{9E0DDE86-14D1-489E-8DAC-A72FA4470E25}.Release|Any CPU.ActiveCfg = Release|Any CPU
		{9E0DDE86-14D1-489E-8DAC-A72FA4470E25}.Release|Any CPU.Build.0 = Release|Any CPU
		{25D95879-C052-45FE-91E7-A08FD1DB59C8}.Debug|Any CPU.ActiveCfg = Debug|Any CPU
		{25D95879-C052-45FE-91E7-A08FD1DB59C8}.Debug|Any CPU.Build.0 = Debug|Any CPU
		{25D95879-C052-45FE-91E7-A08FD1DB59C8}.Release|Any CPU.ActiveCfg = Release|Any CPU
		{25D95879-C052-45FE-91E7-A08FD1DB59C8}.Release|Any CPU.Build.0 = Release|Any CPU
		{3EFA4FE4-312E-471E-ACE9-0D8821711B9D}.Debug|Any CPU.ActiveCfg = Debug|Any CPU
		{3EFA4FE4-312E-471E-ACE9-0D8821711B9D}.Debug|Any CPU.Build.0 = Debug|Any CPU
		{3EFA4FE4-312E-471E-ACE9-0D8821711B9D}.Release|Any CPU.ActiveCfg = Release|Any CPU
		{3EFA4FE4-312E-471E-ACE9-0D8821711B9D}.Release|Any CPU.Build.0 = Release|Any CPU
		{CA9AC3D8-60CC-4645-BEEA-841E874472E8}.Debug|Any CPU.ActiveCfg = Debug|Any CPU
		{CA9AC3D8-60CC-4645-BEEA-841E874472E8}.Debug|Any CPU.Build.0 = Debug|Any CPU
		{CA9AC3D8-60CC-4645-BEEA-841E874472E8}.Release|Any CPU.ActiveCfg = Release|Any CPU
		{CA9AC3D8-60CC-4645-BEEA-841E874472E8}.Release|Any CPU.Build.0 = Release|Any CPU
		{18642CB1-7BEE-411D-A33F-B2B6D72E1B54}.Debug|Any CPU.ActiveCfg = Debug|Any CPU
		{18642CB1-7BEE-411D-A33F-B2B6D72E1B54}.Debug|Any CPU.Build.0 = Debug|Any CPU
		{18642CB1-7BEE-411D-A33F-B2B6D72E1B54}.Release|Any CPU.ActiveCfg = Release|Any CPU
		{18642CB1-7BEE-411D-A33F-B2B6D72E1B54}.Release|Any CPU.Build.0 = Release|Any CPU
		{03887014-E8A8-42BE-8F1F-D54360494E7F}.Debug|Any CPU.ActiveCfg = Debug|Any CPU
		{03887014-E8A8-42BE-8F1F-D54360494E7F}.Debug|Any CPU.Build.0 = Debug|Any CPU
		{03887014-E8A8-42BE-8F1F-D54360494E7F}.Release|Any CPU.ActiveCfg = Release|Any CPU
		{03887014-E8A8-42BE-8F1F-D54360494E7F}.Release|Any CPU.Build.0 = Release|Any CPU
		{6340AD92-9E34-4700-BA29-24FC64CDFC56}.Debug|Any CPU.ActiveCfg = Debug|Any CPU
		{6340AD92-9E34-4700-BA29-24FC64CDFC56}.Debug|Any CPU.Build.0 = Debug|Any CPU
		{6340AD92-9E34-4700-BA29-24FC64CDFC56}.Release|Any CPU.ActiveCfg = Release|Any CPU
		{6340AD92-9E34-4700-BA29-24FC64CDFC56}.Release|Any CPU.Build.0 = Release|Any CPU
		{0017A790-9D47-428B-A08C-5E65EDC3B804}.Debug|Any CPU.ActiveCfg = Debug|Any CPU
		{0017A790-9D47-428B-A08C-5E65EDC3B804}.Debug|Any CPU.Build.0 = Debug|Any CPU
		{0017A790-9D47-428B-A08C-5E65EDC3B804}.Release|Any CPU.ActiveCfg = Release|Any CPU
		{0017A790-9D47-428B-A08C-5E65EDC3B804}.Release|Any CPU.Build.0 = Release|Any CPU
		{DC0622D1-BFCC-4467-9911-9538F54B7313}.Debug|Any CPU.ActiveCfg = Debug|Any CPU
		{DC0622D1-BFCC-4467-9911-9538F54B7313}.Debug|Any CPU.Build.0 = Debug|Any CPU
		{DC0622D1-BFCC-4467-9911-9538F54B7313}.Release|Any CPU.ActiveCfg = Release|Any CPU
		{DC0622D1-BFCC-4467-9911-9538F54B7313}.Release|Any CPU.Build.0 = Release|Any CPU
		{CD9EC16F-8487-41D2-8254-0B8F2A0FEED2}.Debug|Any CPU.ActiveCfg = Debug|Any CPU
		{CD9EC16F-8487-41D2-8254-0B8F2A0FEED2}.Debug|Any CPU.Build.0 = Debug|Any CPU
		{CD9EC16F-8487-41D2-8254-0B8F2A0FEED2}.Release|Any CPU.ActiveCfg = Release|Any CPU
		{CD9EC16F-8487-41D2-8254-0B8F2A0FEED2}.Release|Any CPU.Build.0 = Release|Any CPU
		{DB28C65C-531B-4469-A1B8-0A3C8B6E1A80}.Debug|Any CPU.ActiveCfg = Debug|Any CPU
		{DB28C65C-531B-4469-A1B8-0A3C8B6E1A80}.Debug|Any CPU.Build.0 = Debug|Any CPU
		{DB28C65C-531B-4469-A1B8-0A3C8B6E1A80}.Release|Any CPU.ActiveCfg = Release|Any CPU
		{DB28C65C-531B-4469-A1B8-0A3C8B6E1A80}.Release|Any CPU.Build.0 = Release|Any CPU
		{3E551E8E-88F8-4293-8449-F750DA48D867}.Debug|Any CPU.ActiveCfg = Debug|Any CPU
		{3E551E8E-88F8-4293-8449-F750DA48D867}.Debug|Any CPU.Build.0 = Debug|Any CPU
		{3E551E8E-88F8-4293-8449-F750DA48D867}.Release|Any CPU.ActiveCfg = Release|Any CPU
		{3E551E8E-88F8-4293-8449-F750DA48D867}.Release|Any CPU.Build.0 = Release|Any CPU
		{DA289B10-DAC0-41FB-9706-E38E2BEA0E39}.Debug|Any CPU.ActiveCfg = Debug|Any CPU
		{DA289B10-DAC0-41FB-9706-E38E2BEA0E39}.Debug|Any CPU.Build.0 = Debug|Any CPU
		{DA289B10-DAC0-41FB-9706-E38E2BEA0E39}.Release|Any CPU.ActiveCfg = Release|Any CPU
		{DA289B10-DAC0-41FB-9706-E38E2BEA0E39}.Release|Any CPU.Build.0 = Release|Any CPU
		{A9F3D39F-8B1D-4C3B-818D-1E444C5A698C}.Debug|Any CPU.ActiveCfg = Debug|Any CPU
		{A9F3D39F-8B1D-4C3B-818D-1E444C5A698C}.Debug|Any CPU.Build.0 = Debug|Any CPU
		{A9F3D39F-8B1D-4C3B-818D-1E444C5A698C}.Release|Any CPU.ActiveCfg = Release|Any CPU
		{A9F3D39F-8B1D-4C3B-818D-1E444C5A698C}.Release|Any CPU.Build.0 = Release|Any CPU
		{8FA16A35-A1E3-4D64-BCF8-CA8F99C36B3A}.Debug|Any CPU.ActiveCfg = Debug|Any CPU
		{8FA16A35-A1E3-4D64-BCF8-CA8F99C36B3A}.Debug|Any CPU.Build.0 = Debug|Any CPU
		{8FA16A35-A1E3-4D64-BCF8-CA8F99C36B3A}.Release|Any CPU.ActiveCfg = Release|Any CPU
		{8FA16A35-A1E3-4D64-BCF8-CA8F99C36B3A}.Release|Any CPU.Build.0 = Release|Any CPU
		{A3CBB69D-2CE4-4ABA-8A54-D7A761FC7E7A}.Debug|Any CPU.ActiveCfg = Debug|Any CPU
		{A3CBB69D-2CE4-4ABA-8A54-D7A761FC7E7A}.Debug|Any CPU.Build.0 = Debug|Any CPU
		{A3CBB69D-2CE4-4ABA-8A54-D7A761FC7E7A}.Release|Any CPU.ActiveCfg = Release|Any CPU
		{A3CBB69D-2CE4-4ABA-8A54-D7A761FC7E7A}.Release|Any CPU.Build.0 = Release|Any CPU
		{146F48CF-0B70-4081-BACB-FC18828E2AAD}.Debug|Any CPU.ActiveCfg = Debug|Any CPU
		{146F48CF-0B70-4081-BACB-FC18828E2AAD}.Debug|Any CPU.Build.0 = Debug|Any CPU
		{146F48CF-0B70-4081-BACB-FC18828E2AAD}.Release|Any CPU.ActiveCfg = Release|Any CPU
		{146F48CF-0B70-4081-BACB-FC18828E2AAD}.Release|Any CPU.Build.0 = Release|Any CPU
		{58F8E816-8B0C-4AF4-953C-914CE931211F}.Debug|Any CPU.ActiveCfg = Debug|Any CPU
		{58F8E816-8B0C-4AF4-953C-914CE931211F}.Debug|Any CPU.Build.0 = Debug|Any CPU
		{58F8E816-8B0C-4AF4-953C-914CE931211F}.Release|Any CPU.ActiveCfg = Release|Any CPU
		{58F8E816-8B0C-4AF4-953C-914CE931211F}.Release|Any CPU.Build.0 = Release|Any CPU
	EndGlobalSection
	GlobalSection(SolutionProperties) = preSolution
		HideSolutionNode = FALSE
	EndGlobalSection
	GlobalSection(NestedProjects) = preSolution
		{9E0DDE86-14D1-489E-8DAC-A72FA4470E25} = {81171CE6-9960-44A3-85F5-1782EB64B211}
		{25D95879-C052-45FE-91E7-A08FD1DB59C8} = {81171CE6-9960-44A3-85F5-1782EB64B211}
		{3EFA4FE4-312E-471E-ACE9-0D8821711B9D} = {81171CE6-9960-44A3-85F5-1782EB64B211}
		{CA9AC3D8-60CC-4645-BEEA-841E874472E8} = {9EF3EE19-AE2A-40B9-9112-7B3D7B0A6FAE}
		{18642CB1-7BEE-411D-A33F-B2B6D72E1B54} = {9EF3EE19-AE2A-40B9-9112-7B3D7B0A6FAE}
		{03887014-E8A8-42BE-8F1F-D54360494E7F} = {9EF3EE19-AE2A-40B9-9112-7B3D7B0A6FAE}
		{6340AD92-9E34-4700-BA29-24FC64CDFC56} = {9E46484E-B979-4C8F-97A1-F9B96C5046E4}
		{0017A790-9D47-428B-A08C-5E65EDC3B804} = {9E46484E-B979-4C8F-97A1-F9B96C5046E4}
		{DC0622D1-BFCC-4467-9911-9538F54B7313} = {9E46484E-B979-4C8F-97A1-F9B96C5046E4}
		{CD9EC16F-8487-41D2-8254-0B8F2A0FEED2} = {151CEE81-EF11-45CE-BDCF-2D63843BE5ED}
		{DB28C65C-531B-4469-A1B8-0A3C8B6E1A80} = {151CEE81-EF11-45CE-BDCF-2D63843BE5ED}
		{3E551E8E-88F8-4293-8449-F750DA48D867} = {151CEE81-EF11-45CE-BDCF-2D63843BE5ED}
		{DA289B10-DAC0-41FB-9706-E38E2BEA0E39} = {10D4C645-F643-4EA7-8E3E-9179BF019D16}
		{A9F3D39F-8B1D-4C3B-818D-1E444C5A698C} = {10D4C645-F643-4EA7-8E3E-9179BF019D16}
		{8FA16A35-A1E3-4D64-BCF8-CA8F99C36B3A} = {10D4C645-F643-4EA7-8E3E-9179BF019D16}
		{A3CBB69D-2CE4-4ABA-8A54-D7A761FC7E7A} = {DF899F02-8CC5-45E4-9AD0-436B37F87DAC}
		{146F48CF-0B70-4081-BACB-FC18828E2AAD} = {DF899F02-8CC5-45E4-9AD0-436B37F87DAC}
		{58F8E816-8B0C-4AF4-953C-914CE931211F} = {DF899F02-8CC5-45E4-9AD0-436B37F87DAC}
	EndGlobalSection
	GlobalSection(ExtensibilityGlobals) = postSolution
		SolutionGuid = {3A2A274D-E22C-4645-8FD7-A1636A18E63F}
	EndGlobalSection
EndGlobal
